
Microsoft Visual Studio Solution File, Format Version 12.00
# Visual Studio Version 16
VisualStudioVersion = 16.0.33927.289
MinimumVisualStudioVersion = 10.0.40219.1
Project("{2150E333-8FDC-42A3-9474-1A3956D46DE8}") = "Task0", "Task0", "{1786FCD0-754A-442D-B3AF-648AD04E9209}"
EndProject
Project("{FAE04EC0-301F-11D3-BF4B-00C04F79EFBC}") = "Tyuiu.KoptyaevRS.Sprint1.Task0.V16", "Tyuiu.KoptyaevRS.Sprint1.Task0.V16\Tyuiu.KoptyaevRS.Sprint1.Task0.V16.csproj", "{44DC1BA7-8250-4C64-BB84-CD93676FF3F3}"
EndProject
Project("{FAE04EC0-301F-11D3-BF4B-00C04F79EFBC}") = "Tyuiu.KoptyaevRS.Sprint1.Task0.V16.Lib", "Tyuiu.KoptyaevRS.Sprint1.Task0.V16.Lib\Tyuiu.KoptyaevRS.Sprint1.Task0.V16.Lib.csproj", "{8472CE28-C653-4313-B7D3-2E225A9DB964}"
EndProject
Project("{FAE04EC0-301F-11D3-BF4B-00C04F79EFBC}") = "Tyuiu.KoptyaevRS.Sprint1.Task0.V16.Test", "Tyuiu.KoptyaevRS.Sprint1.Task0.V16.Test\Tyuiu.KoptyaevRS.Sprint1.Task0.V16.Test.csproj", "{E7B23DB8-182E-4BA5-B165-94A260371E80}"
EndProject
Project("{2150E333-8FDC-42A3-9474-1A3956D46DE8}") = "Task1", "Task1", "{32FBC199-8EBE-45AA-B3D3-8206A83868EE}"
EndProject
Project("{FAE04EC0-301F-11D3-BF4B-00C04F79EFBC}") = "Tyuiu.KoptyaevRS.Sprint1.Task1.V22", "Tyuiu.KoptyaevRS.Sprint1.Task1.V22\Tyuiu.KoptyaevRS.Sprint1.Task1.V22.csproj", "{F4AEB6C0-1A4C-4C86-9440-E73CB9073487}"
EndProject
Project("{FAE04EC0-301F-11D3-BF4B-00C04F79EFBC}") = "Tyuiu.KoptyaevRS.Sprint1.Task1.V22.Lib", "Tyuiu.KoptyaevRS.Sprint1.Task1.V22.Lib\Tyuiu.KoptyaevRS.Sprint1.Task1.V22.Lib.csproj", "{8E1F86BC-6643-4666-ACCF-C720B5C8CE09}"
EndProject
Project("{FAE04EC0-301F-11D3-BF4B-00C04F79EFBC}") = "Tyuiu.KoptyaevRS.Sprint1.Task1.V22.Test", "Tyuiu.KoptyaevRS.Sprint1.Task1.V22.Test\Tyuiu.KoptyaevRS.Sprint1.Task1.V22.Test.csproj", "{50841F03-D531-4478-8A95-E31FECA2A25E}"
EndProject
Project("{2150E333-8FDC-42A3-9474-1A3956D46DE8}") = "Task2", "Task2", "{BC15EDDA-2A7E-42AB-A01A-10E5C3D4D36B}"
EndProject
Project("{FAE04EC0-301F-11D3-BF4B-00C04F79EFBC}") = "Tyuiu.KoptyaevRS.Sprint1.Task2.V25", "Tyuiu.KoptyaevRS.Sprint1.Task2.V25\Tyuiu.KoptyaevRS.Sprint1.Task2.V25.csproj", "{4202164A-2FD1-4CAA-AB53-706DE3B964F6}"
EndProject
Project("{FAE04EC0-301F-11D3-BF4B-00C04F79EFBC}") = "Tyuiu.KoptyaevRS.Sprint1.Task2.V25.Lib", "Tyuiu.KoptyaevRS.Sprint1.Task2.V25.Lib\Tyuiu.KoptyaevRS.Sprint1.Task2.V25.Lib.csproj", "{7292C063-BC38-4C86-8914-F92A01882D73}"
EndProject
Project("{FAE04EC0-301F-11D3-BF4B-00C04F79EFBC}") = "Tyuiu.KoptyaevRS.Sprint1.Task2.V25.Test", "Tyuiu.KoptyaevRS.Sprint1.Task2.V25.Test\Tyuiu.KoptyaevRS.Sprint1.Task2.V25.Test.csproj", "{1AE1D579-9EB2-4ACE-A610-1D5F351C724E}"
EndProject
Project("{2150E333-8FDC-42A3-9474-1A3956D46DE8}") = "Task3", "Task3", "{56042BF3-9544-43B5-8AC8-C2978A4A37ED}"
EndProject
Project("{FAE04EC0-301F-11D3-BF4B-00C04F79EFBC}") = "Tyuiu.KoptyaevRS.Sprint1.Task3.V9", "Tyuiu.KoptyaevRS.Sprint1.Task3.V9\Tyuiu.KoptyaevRS.Sprint1.Task3.V9.csproj", "{22A5D3EC-03DA-444F-B5FF-1154BD3FCE1C}"
EndProject
Project("{FAE04EC0-301F-11D3-BF4B-00C04F79EFBC}") = "Tyuiu.KoptyaevRS.Sprint1.Task3.V9.Lib", "Tyuiu.KoptyaevRS.Sprint1.Task3.V9.Lib\Tyuiu.KoptyaevRS.Sprint1.Task3.V9.Lib.csproj", "{D3226D82-E05F-4697-ABC7-C084DDB6619D}"
EndProject
Project("{FAE04EC0-301F-11D3-BF4B-00C04F79EFBC}") = "Tyuiu.KoptyaevRS.Sprint1.Task3.V9.Test", "Tyuiu.KoptyaevRS.Sprint1.Task3.V9.Test\Tyuiu.KoptyaevRS.Sprint1.Task3.V9.Test.csproj", "{3BB0DA66-A1C8-4AE7-B558-D865238EEFAF}"
EndProject
Project("{2150E333-8FDC-42A3-9474-1A3956D46DE8}") = "Task4", "Task4", "{EE2B88AC-6D0C-4544-B2AB-32268E7FD0DD}"
EndProject
Project("{FAE04EC0-301F-11D3-BF4B-00C04F79EFBC}") = "Tyuiu.KoptyaevRS.Sprint1.Task4.V29", "Tyuiu.KoptyaevRS.Sprint1.Task4.V29\Tyuiu.KoptyaevRS.Sprint1.Task4.V29.csproj", "{5FD84416-DC7B-46B6-880F-11B5D2BA87A4}"
EndProject
Project("{FAE04EC0-301F-11D3-BF4B-00C04F79EFBC}") = "Tyuiu.KoptyaevRS.Sprint1.Task4.V29.Lib", "Tyuiu.KoptyaevRS.Sprint1.Task4.V29.Lib\Tyuiu.KoptyaevRS.Sprint1.Task4.V29.Lib.csproj", "{2F46AA3B-9C5A-4D6F-BAC4-A87F756C1756}"
EndProject
Project("{FAE04EC0-301F-11D3-BF4B-00C04F79EFBC}") = "Tyuiu.KoptyaevRS.Sprint1.Task4.V29.Test", "Tyuiu.KoptyaevRS.Sprint1.Task4.V29.Test\Tyuiu.KoptyaevRS.Sprint1.Task4.V29.Test.csproj", "{9BCD465A-A3A0-46A4-8A6F-BFEC6C563434}"
EndProject
Global
	GlobalSection(SolutionConfigurationPlatforms) = preSolution
		Debug|Any CPU = Debug|Any CPU
		Release|Any CPU = Release|Any CPU
	EndGlobalSection
	GlobalSection(ProjectConfigurationPlatforms) = postSolution
		{44DC1BA7-8250-4C64-BB84-CD93676FF3F3}.Debug|Any CPU.ActiveCfg = Debug|Any CPU
		{44DC1BA7-8250-4C64-BB84-CD93676FF3F3}.Debug|Any CPU.Build.0 = Debug|Any CPU
		{44DC1BA7-8250-4C64-BB84-CD93676FF3F3}.Release|Any CPU.ActiveCfg = Release|Any CPU
		{44DC1BA7-8250-4C64-BB84-CD93676FF3F3}.Release|Any CPU.Build.0 = Release|Any CPU
		{8472CE28-C653-4313-B7D3-2E225A9DB964}.Debug|Any CPU.ActiveCfg = Debug|Any CPU
		{8472CE28-C653-4313-B7D3-2E225A9DB964}.Debug|Any CPU.Build.0 = Debug|Any CPU
		{8472CE28-C653-4313-B7D3-2E225A9DB964}.Release|Any CPU.ActiveCfg = Release|Any CPU
		{8472CE28-C653-4313-B7D3-2E225A9DB964}.Release|Any CPU.Build.0 = Release|Any CPU
		{E7B23DB8-182E-4BA5-B165-94A260371E80}.Debug|Any CPU.ActiveCfg = Debug|Any CPU
		{E7B23DB8-182E-4BA5-B165-94A260371E80}.Debug|Any CPU.Build.0 = Debug|Any CPU
		{E7B23DB8-182E-4BA5-B165-94A260371E80}.Release|Any CPU.ActiveCfg = Release|Any CPU
		{E7B23DB8-182E-4BA5-B165-94A260371E80}.Release|Any CPU.Build.0 = Release|Any CPU
		{F4AEB6C0-1A4C-4C86-9440-E73CB9073487}.Debug|Any CPU.ActiveCfg = Debug|Any CPU
		{F4AEB6C0-1A4C-4C86-9440-E73CB9073487}.Debug|Any CPU.Build.0 = Debug|Any CPU
		{F4AEB6C0-1A4C-4C86-9440-E73CB9073487}.Release|Any CPU.ActiveCfg = Release|Any CPU
		{F4AEB6C0-1A4C-4C86-9440-E73CB9073487}.Release|Any CPU.Build.0 = Release|Any CPU
		{8E1F86BC-6643-4666-ACCF-C720B5C8CE09}.Debug|Any CPU.ActiveCfg = Debug|Any CPU
		{8E1F86BC-6643-4666-ACCF-C720B5C8CE09}.Debug|Any CPU.Build.0 = Debug|Any CPU
		{8E1F86BC-6643-4666-ACCF-C720B5C8CE09}.Release|Any CPU.ActiveCfg = Release|Any CPU
		{8E1F86BC-6643-4666-ACCF-C720B5C8CE09}.Release|Any CPU.Build.0 = Release|Any CPU
		{50841F03-D531-4478-8A95-E31FECA2A25E}.Debug|Any CPU.ActiveCfg = Debug|Any CPU
		{50841F03-D531-4478-8A95-E31FECA2A25E}.Debug|Any CPU.Build.0 = Debug|Any CPU
		{50841F03-D531-4478-8A95-E31FECA2A25E}.Release|Any CPU.ActiveCfg = Release|Any CPU
		{50841F03-D531-4478-8A95-E31FECA2A25E}.Release|Any CPU.Build.0 = Release|Any CPU
		{4202164A-2FD1-4CAA-AB53-706DE3B964F6}.Debug|Any CPU.ActiveCfg = Debug|Any CPU
		{4202164A-2FD1-4CAA-AB53-706DE3B964F6}.Debug|Any CPU.Build.0 = Debug|Any CPU
		{4202164A-2FD1-4CAA-AB53-706DE3B964F6}.Release|Any CPU.ActiveCfg = Release|Any CPU
		{4202164A-2FD1-4CAA-AB53-706DE3B964F6}.Release|Any CPU.Build.0 = Release|Any CPU
		{7292C063-BC38-4C86-8914-F92A01882D73}.Debug|Any CPU.ActiveCfg = Debug|Any CPU
		{7292C063-BC38-4C86-8914-F92A01882D73}.Debug|Any CPU.Build.0 = Debug|Any CPU
		{7292C063-BC38-4C86-8914-F92A01882D73}.Release|Any CPU.ActiveCfg = Release|Any CPU
		{7292C063-BC38-4C86-8914-F92A01882D73}.Release|Any CPU.Build.0 = Release|Any CPU
		{1AE1D579-9EB2-4ACE-A610-1D5F351C724E}.Debug|Any CPU.ActiveCfg = Debug|Any CPU
		{1AE1D579-9EB2-4ACE-A610-1D5F351C724E}.Debug|Any CPU.Build.0 = Debug|Any CPU
		{1AE1D579-9EB2-4ACE-A610-1D5F351C724E}.Release|Any CPU.ActiveCfg = Release|Any CPU
		{1AE1D579-9EB2-4ACE-A610-1D5F351C724E}.Release|Any CPU.Build.0 = Release|Any CPU
		{22A5D3EC-03DA-444F-B5FF-1154BD3FCE1C}.Debug|Any CPU.ActiveCfg = Debug|Any CPU
		{22A5D3EC-03DA-444F-B5FF-1154BD3FCE1C}.Debug|Any CPU.Build.0 = Debug|Any CPU
		{22A5D3EC-03DA-444F-B5FF-1154BD3FCE1C}.Release|Any CPU.ActiveCfg = Release|Any CPU
		{22A5D3EC-03DA-444F-B5FF-1154BD3FCE1C}.Release|Any CPU.Build.0 = Release|Any CPU
		{D3226D82-E05F-4697-ABC7-C084DDB6619D}.Debug|Any CPU.ActiveCfg = Debug|Any CPU
		{D3226D82-E05F-4697-ABC7-C084DDB6619D}.Debug|Any CPU.Build.0 = Debug|Any CPU
		{D3226D82-E05F-4697-ABC7-C084DDB6619D}.Release|Any CPU.ActiveCfg = Release|Any CPU
		{D3226D82-E05F-4697-ABC7-C084DDB6619D}.Release|Any CPU.Build.0 = Release|Any CPU
		{3BB0DA66-A1C8-4AE7-B558-D865238EEFAF}.Debug|Any CPU.ActiveCfg = Debug|Any CPU
		{3BB0DA66-A1C8-4AE7-B558-D865238EEFAF}.Debug|Any CPU.Build.0 = Debug|Any CPU
		{3BB0DA66-A1C8-4AE7-B558-D865238EEFAF}.Release|Any CPU.ActiveCfg = Release|Any CPU
		{3BB0DA66-A1C8-4AE7-B558-D865238EEFAF}.Release|Any CPU.Build.0 = Release|Any CPU
		{5FD84416-DC7B-46B6-880F-11B5D2BA87A4}.Debug|Any CPU.ActiveCfg = Debug|Any CPU
		{5FD84416-DC7B-46B6-880F-11B5D2BA87A4}.Debug|Any CPU.Build.0 = Debug|Any CPU
		{5FD84416-DC7B-46B6-880F-11B5D2BA87A4}.Release|Any CPU.ActiveCfg = Release|Any CPU
		{5FD84416-DC7B-46B6-880F-11B5D2BA87A4}.Release|Any CPU.Build.0 = Release|Any CPU
		{2F46AA3B-9C5A-4D6F-BAC4-A87F756C1756}.Debug|Any CPU.ActiveCfg = Debug|Any CPU
		{2F46AA3B-9C5A-4D6F-BAC4-A87F756C1756}.Debug|Any CPU.Build.0 = Debug|Any CPU
		{2F46AA3B-9C5A-4D6F-BAC4-A87F756C1756}.Release|Any CPU.ActiveCfg = Release|Any CPU
		{2F46AA3B-9C5A-4D6F-BAC4-A87F756C1756}.Release|Any CPU.Build.0 = Release|Any CPU
		{9BCD465A-A3A0-46A4-8A6F-BFEC6C563434}.Debug|Any CPU.ActiveCfg = Debug|Any CPU
		{9BCD465A-A3A0-46A4-8A6F-BFEC6C563434}.Debug|Any CPU.Build.0 = Debug|Any CPU
		{9BCD465A-A3A0-46A4-8A6F-BFEC6C563434}.Release|Any CPU.ActiveCfg = Release|Any CPU
		{9BCD465A-A3A0-46A4-8A6F-BFEC6C563434}.Release|Any CPU.Build.0 = Release|Any CPU
	EndGlobalSection
	GlobalSection(SolutionProperties) = preSolution
		HideSolutionNode = FALSE
	EndGlobalSection
	GlobalSection(NestedProjects) = preSolution
		{44DC1BA7-8250-4C64-BB84-CD93676FF3F3} = {1786FCD0-754A-442D-B3AF-648AD04E9209}
		{8472CE28-C653-4313-B7D3-2E225A9DB964} = {1786FCD0-754A-442D-B3AF-648AD04E9209}
		{E7B23DB8-182E-4BA5-B165-94A260371E80} = {1786FCD0-754A-442D-B3AF-648AD04E9209}
		{F4AEB6C0-1A4C-4C86-9440-E73CB9073487} = {32FBC199-8EBE-45AA-B3D3-8206A83868EE}
		{8E1F86BC-6643-4666-ACCF-C720B5C8CE09} = {32FBC199-8EBE-45AA-B3D3-8206A83868EE}
		{50841F03-D531-4478-8A95-E31FECA2A25E} = {32FBC199-8EBE-45AA-B3D3-8206A83868EE}
		{4202164A-2FD1-4CAA-AB53-706DE3B964F6} = {BC15EDDA-2A7E-42AB-A01A-10E5C3D4D36B}
		{7292C063-BC38-4C86-8914-F92A01882D73} = {BC15EDDA-2A7E-42AB-A01A-10E5C3D4D36B}
		{1AE1D579-9EB2-4ACE-A610-1D5F351C724E} = {BC15EDDA-2A7E-42AB-A01A-10E5C3D4D36B}
		{22A5D3EC-03DA-444F-B5FF-1154BD3FCE1C} = {56042BF3-9544-43B5-8AC8-C2978A4A37ED}
		{D3226D82-E05F-4697-ABC7-C084DDB6619D} = {56042BF3-9544-43B5-8AC8-C2978A4A37ED}
		{3BB0DA66-A1C8-4AE7-B558-D865238EEFAF} = {56042BF3-9544-43B5-8AC8-C2978A4A37ED}
		{5FD84416-DC7B-46B6-880F-11B5D2BA87A4} = {EE2B88AC-6D0C-4544-B2AB-32268E7FD0DD}
		{2F46AA3B-9C5A-4D6F-BAC4-A87F756C1756} = {EE2B88AC-6D0C-4544-B2AB-32268E7FD0DD}
		{9BCD465A-A3A0-46A4-8A6F-BFEC6C563434} = {EE2B88AC-6D0C-4544-B2AB-32268E7FD0DD}
	EndGlobalSection
	GlobalSection(ExtensibilityGlobals) = postSolution
		SolutionGuid = {9A4349FF-B00D-4255-9C09-F4BA1786AC7F}
	EndGlobalSection
EndGlobal
